
Microsoft Visual Studio Solution File, Format Version 12.00
# Visual Studio 15
VisualStudioVersion = 15.0.28307.779
MinimumVisualStudioVersion = 10.0.40219.1
Project("{8BC9CEB8-8B4A-11D0-8D11-00A0C91BC942}") = "InClass", "InClass\InClass.vcxproj", "{40698738-CED8-4981-88E7-203DBED9297C}"
EndProject
Global
	GlobalSection(SolutionConfigurationPlatforms) = preSolution
		Debug|x64 = Debug|x64
		Debug|x86 = Debug|x86
		Release|x64 = Release|x64
		Release|x86 = Release|x86
	EndGlobalSection
	GlobalSection(ProjectConfigurationPlatforms) = postSolution
		{40698738-CED8-4981-88E7-203DBED9297C}.Debug|x64.ActiveCfg = Debug|x64
		{40698738-CED8-4981-88E7-203DBED9297C}.Debug|x64.Build.0 = Debug|x64
		{40698738-CED8-4981-88E7-203DBED9297C}.Debug|x86.ActiveCfg = Debug|Win32
		{40698738-CED8-4981-88E7-203DBED9297C}.Debug|x86.Build.0 = Debug|Win32
		{40698738-CED8-4981-88E7-203DBED9297C}.Release|x64.ActiveCfg = Release|x64
		{40698738-CED8-4981-88E7-203DBED9297C}.Release|x64.Build.0 = Release|x64
		{40698738-CED8-4981-88E7-203DBED9297C}.Release|x86.ActiveCfg = Release|Win32
		{40698738-CED8-4981-88E7-203DBED9297C}.Release|x86.Build.0 = Release|Win32
	EndGlobalSection
	GlobalSection(SolutionProperties) = preSolution
		HideSolutionNode = FALSE
	EndGlobalSection
	GlobalSection(ExtensibilityGlobals) = postSolution
		SolutionGuid = {1B28D5EA-3C41-4CF1-B5B4-9A1A3BEC47F8}
	EndGlobalSection
EndGlobal
